
Microsoft Visual Studio Solution File, Format Version 12.00
# Visual Studio Version 16
VisualStudioVersion = 16.0.809.0
MinimumVisualStudioVersion = 10.0.40219.1
Project("{FAE04EC0-301F-11D3-BF4B-00C04F79EFBC}") = "AspNetCoreKeycloakAuth", "AspNetCoreKeycloakAuth.csproj", "{05C60183-814F-4BBC-A3F5-D7406FA6BF7E}"
EndProject
Global
	GlobalSection(SolutionConfigurationPlatforms) = preSolution
		Debug|Any CPU = Debug|Any CPU
		Release|Any CPU = Release|Any CPU
	EndGlobalSection
	GlobalSection(ProjectConfigurationPlatforms) = postSolution
		{05C60183-814F-4BBC-A3F5-D7406FA6BF7E}.Debug|Any CPU.ActiveCfg = Debug|Any CPU
		{05C60183-814F-4BBC-A3F5-D7406FA6BF7E}.Debug|Any CPU.Build.0 = Debug|Any CPU
		{05C60183-814F-4BBC-A3F5-D7406FA6BF7E}.Release|Any CPU.ActiveCfg = Release|Any CPU
		{05C60183-814F-4BBC-A3F5-D7406FA6BF7E}.Release|Any CPU.Build.0 = Release|Any CPU
	EndGlobalSection
	GlobalSection(SolutionProperties) = preSolution
		HideSolutionNode = FALSE
	EndGlobalSection
	GlobalSection(ExtensibilityGlobals) = postSolution
		SolutionGuid = {63C3F13C-E64F-4A5D-B3A4-6AFF7FF2DFC1}
	EndGlobalSection
EndGlobal
